// !$*UTF8*$!
{
	archiveVersion = 1;
	classes = {
	};
	objectVersion = 46;
	objects = {

/* Begin PBXBuildFile section */
		044B49B320CECC7A00F7C270 /* Facts.swift in Sources */ = {isa = PBXBuildFile; fileRef = 044B49B220CECC7A00F7C270 /* Facts.swift */; };
		044B49BB20CECF2300F7C270 /* APIServices.swift in Sources */ = {isa = PBXBuildFile; fileRef = 044B49BA20CECF2300F7C270 /* APIServices.swift */; };
		044B49BD20CECFFF00F7C270 /* FactPresenter.swift in Sources */ = {isa = PBXBuildFile; fileRef = 044B49BC20CECFFF00F7C270 /* FactPresenter.swift */; };
		044B49BF20CEE41F00F7C270 /* FactCellTableViewCell.swift in Sources */ = {isa = PBXBuildFile; fileRef = 044B49BE20CEE41F00F7C270 /* FactCellTableViewCell.swift */; };
		04E32EB120CEC40A00903C22 /* AppDelegate.swift in Sources */ = {isa = PBXBuildFile; fileRef = 04E32EB020CEC40A00903C22 /* AppDelegate.swift */; };
		04E32EB620CEC40A00903C22 /* Main.storyboard in Resources */ = {isa = PBXBuildFile; fileRef = 04E32EB420CEC40A00903C22 /* Main.storyboard */; };
		04E32EB820CEC40A00903C22 /* Assets.xcassets in Resources */ = {isa = PBXBuildFile; fileRef = 04E32EB720CEC40A00903C22 /* Assets.xcassets */; };
		04E32EBB20CEC40A00903C22 /* LaunchScreen.storyboard in Resources */ = {isa = PBXBuildFile; fileRef = 04E32EB920CEC40A00903C22 /* LaunchScreen.storyboard */; };
		04E32EC620CEC5B600903C22 /* ViewController.swift in Sources */ = {isa = PBXBuildFile; fileRef = 04E32EC520CEC5B600903C22 /* ViewController.swift */; };
/* End PBXBuildFile section */

/* Begin PBXFileReference section */
		044B49B220CECC7A00F7C270 /* Facts.swift */ = {isa = PBXFileReference; fileEncoding = 4; lastKnownFileType = sourcecode.swift; path = Facts.swift; sourceTree = "<group>"; };
		044B49BA20CECF2300F7C270 /* APIServices.swift */ = {isa = PBXFileReference; fileEncoding = 4; lastKnownFileType = sourcecode.swift; path = APIServices.swift; sourceTree = "<group>"; };
		044B49BC20CECFFF00F7C270 /* FactPresenter.swift */ = {isa = PBXFileReference; fileEncoding = 4; lastKnownFileType = sourcecode.swift; path = FactPresenter.swift; sourceTree = "<group>"; };
		044B49BE20CEE41F00F7C270 /* FactCellTableViewCell.swift */ = {isa = PBXFileReference; fileEncoding = 4; lastKnownFileType = sourcecode.swift; path = FactCellTableViewCell.swift; sourceTree = "<group>"; };
		04E32EAD20CEC40A00903C22 /* TelstraExcercise.app */ = {isa = PBXFileReference; explicitFileType = wrapper.application; includeInIndex = 0; path = TelstraExcercise.app; sourceTree = BUILT_PRODUCTS_DIR; };
		04E32EB020CEC40A00903C22 /* AppDelegate.swift */ = {isa = PBXFileReference; lastKnownFileType = sourcecode.swift; path = AppDelegate.swift; sourceTree = "<group>"; };
		04E32EB520CEC40A00903C22 /* Base */ = {isa = PBXFileReference; lastKnownFileType = file.storyboard; name = Base; path = Base.lproj/Main.storyboard; sourceTree = "<group>"; };
		04E32EB720CEC40A00903C22 /* Assets.xcassets */ = {isa = PBXFileReference; lastKnownFileType = folder.assetcatalog; path = Assets.xcassets; sourceTree = "<group>"; };
		04E32EBA20CEC40A00903C22 /* Base */ = {isa = PBXFileReference; lastKnownFileType = file.storyboard; name = Base; path = Base.lproj/LaunchScreen.storyboard; sourceTree = "<group>"; };
		04E32EBC20CEC40A00903C22 /* Info.plist */ = {isa = PBXFileReference; lastKnownFileType = text.plist.xml; path = Info.plist; sourceTree = "<group>"; };
		04E32EC520CEC5B600903C22 /* ViewController.swift */ = {isa = PBXFileReference; fileEncoding = 4; lastKnownFileType = sourcecode.swift; path = ViewController.swift; sourceTree = "<group>"; };
/* End PBXFileReference section */

/* Begin PBXFrameworksBuildPhase section */
		04E32EAA20CEC40A00903C22 /* Frameworks */ = {
			isa = PBXFrameworksBuildPhase;
			buildActionMask = 2147483647;
			files = (
			);
			runOnlyForDeploymentPostprocessing = 0;
		};
/* End PBXFrameworksBuildPhase section */

/* Begin PBXGroup section */
		044B49B820CECF0400F7C270 /* Utility */ = {
			isa = PBXGroup;
			children = (
				044B49B920CECF0400F7C270 /* Services */,
			);
			path = Utility;
			sourceTree = "<group>";
		};
		044B49B920CECF0400F7C270 /* Services */ = {
			isa = PBXGroup;
			children = (
				044B49BA20CECF2300F7C270 /* APIServices.swift */,
			);
			path = Services;
			sourceTree = "<group>";
		};
		04E32EA420CEC40A00903C22 = {
			isa = PBXGroup;
			children = (
				04E32EAF20CEC40A00903C22 /* TelstraExcercise */,
				04E32EAE20CEC40A00903C22 /* Products */,
			);
			sourceTree = "<group>";
		};
		04E32EAE20CEC40A00903C22 /* Products */ = {
			isa = PBXGroup;
			children = (
				04E32EAD20CEC40A00903C22 /* TelstraExcercise.app */,
			);
			name = Products;
			sourceTree = "<group>";
		};
		04E32EAF20CEC40A00903C22 /* TelstraExcercise */ = {
			isa = PBXGroup;
			children = (
				04E32EB020CEC40A00903C22 /* AppDelegate.swift */,
				04E32EC220CEC5B600903C22 /* Model */,
				04E32EC320CEC5B600903C22 /* Presenter */,
				044B49B820CECF0400F7C270 /* Utility */,
				04E32EC420CEC5B600903C22 /* View */,
				04E32EB420CEC40A00903C22 /* Main.storyboard */,
				04E32EB720CEC40A00903C22 /* Assets.xcassets */,
				04E32EB920CEC40A00903C22 /* LaunchScreen.storyboard */,
				04E32EBC20CEC40A00903C22 /* Info.plist */,
			);
			path = TelstraExcercise;
			sourceTree = "<group>";
		};
		04E32EC220CEC5B600903C22 /* Model */ = {
			isa = PBXGroup;
			children = (
				044B49B220CECC7A00F7C270 /* Facts.swift */,
			);
			path = Model;
			sourceTree = "<group>";
		};
		04E32EC320CEC5B600903C22 /* Presenter */ = {
			isa = PBXGroup;
			children = (
				044B49BC20CECFFF00F7C270 /* FactPresenter.swift */,
			);
			path = Presenter;
			sourceTree = "<group>";
		};
		04E32EC420CEC5B600903C22 /* View */ = {
			isa = PBXGroup;
			children = (
				04E32EC520CEC5B600903C22 /* ViewController.swift */,
				044B49BE20CEE41F00F7C270 /* FactCellTableViewCell.swift */,
			);
			path = View;
			sourceTree = "<group>";
		};
/* End PBXGroup section */

/* Begin PBXNativeTarget section */
		04E32EAC20CEC40A00903C22 /* TelstraExcercise */ = {
			isa = PBXNativeTarget;
			buildConfigurationList = 04E32EBF20CEC40A00903C22 /* Build configuration list for PBXNativeTarget "TelstraExcercise" */;
			buildPhases = (
				04E32EA920CEC40A00903C22 /* Sources */,
				04E32EAA20CEC40A00903C22 /* Frameworks */,
				04E32EAB20CEC40A00903C22 /* Resources */,
			);
			buildRules = (
			);
			dependencies = (
			);
			name = TelstraExcercise;
			productName = TelstraExcercise;
			productReference = 04E32EAD20CEC40A00903C22 /* TelstraExcercise.app */;
			productType = "com.apple.product-type.application";
		};
/* End PBXNativeTarget section */

/* Begin PBXProject section */
		04E32EA520CEC40A00903C22 /* Project object */ = {
			isa = PBXProject;
			attributes = {
				LastSwiftUpdateCheck = 0830;
				LastUpgradeCheck = 0830;
				ORGANIZATIONNAME = Mac;
				TargetAttributes = {
					04E32EAC20CEC40A00903C22 = {
						CreatedOnToolsVersion = 8.3.3;
						ProvisioningStyle = Automatic;
					};
				};
			};
			buildConfigurationList = 04E32EA820CEC40A00903C22 /* Build configuration list for PBXProject "TelstraExcercise" */;
			compatibilityVersion = "Xcode 3.2";
			developmentRegion = English;
			hasScannedForEncodings = 0;
			knownRegions = (
				en,
				Base,
			);
			mainGroup = 04E32EA420CEC40A00903C22;
			productRefGroup = 04E32EAE20CEC40A00903C22 /* Products */;
			projectDirPath = "";
			projectRoot = "";
			targets = (
				04E32EAC20CEC40A00903C22 /* TelstraExcercise */,
			);
		};
/* End PBXProject section */

/* Begin PBXResourcesBuildPhase section */
		04E32EAB20CEC40A00903C22 /* Resources */ = {
			isa = PBXResourcesBuildPhase;
			buildActionMask = 2147483647;
			files = (
				04E32EBB20CEC40A00903C22 /* LaunchScreen.storyboard in Resources */,
				04E32EB820CEC40A00903C22 /* Assets.xcassets in Resources */,
				04E32EB620CEC40A00903C22 /* Main.storyboard in Resources */,
			);
			runOnlyForDeploymentPostprocessing = 0;
		};
/* End PBXResourcesBuildPhase section */

/* Begin PBXSourcesBuildPhase section */
		04E32EA920CEC40A00903C22 /* Sources */ = {
			isa = PBXSourcesBuildPhase;
			buildActionMask = 2147483647;
			files = (
				04E32EC620CEC5B600903C22 /* ViewController.swift in Sources */,
				044B49BF20CEE41F00F7C270 /* FactCellTableViewCell.swift in Sources */,
				044B49B320CECC7A00F7C270 /* Facts.swift in Sources */,
				044B49BB20CECF2300F7C270 /* APIServices.swift in Sources */,
				044B49BD20CECFFF00F7C270 /* FactPresenter.swift in Sources */,
				04E32EB120CEC40A00903C22 /* AppDelegate.swift in Sources */,
			);
			runOnlyForDeploymentPostprocessing = 0;
		};
/* End PBXSourcesBuildPhase section */

/* Begin PBXVariantGroup section */
		04E32EB420CEC40A00903C22 /* Main.storyboard */ = {
			isa = PBXVariantGroup;
			children = (
				04E32EB520CEC40A00903C22 /* Base */,
			);
			name = Main.storyboard;
			sourceTree = "<group>";
		};
		04E32EB920CEC40A00903C22 /* LaunchScreen.storyboard */ = {
			isa = PBXVariantGroup;
			children = (
				04E32EBA20CEC40A00903C22 /* Base */,
			);
			name = LaunchScreen.storyboard;
			sourceTree = "<group>";
		};
/* End PBXVariantGroup section */

/* Begin XCBuildConfiguration section */
		04E32EBD20CEC40A00903C22 /* Debug */ = {
			isa = XCBuildConfiguration;
			buildSettings = {
				ALWAYS_SEARCH_USER_PATHS = NO;
				CLANG_ANALYZER_NONNULL = YES;
				CLANG_ANALYZER_NUMBER_OBJECT_CONVERSION = YES_AGGRESSIVE;
				CLANG_CXX_LANGUAGE_STANDARD = "gnu++0x";
				CLANG_CXX_LIBRARY = "libc++";
				CLANG_ENABLE_MODULES = YES;
				CLANG_ENABLE_OBJC_ARC = YES;
				CLANG_WARN_BOOL_CONVERSION = YES;
				CLANG_WARN_CONSTANT_CONVERSION = YES;
				CLANG_WARN_DIRECT_OBJC_ISA_USAGE = YES_ERROR;
				CLANG_WARN_DOCUMENTATION_COMMENTS = YES;
				CLANG_WARN_EMPTY_BODY = YES;
				CLANG_WARN_ENUM_CONVERSION = YES;
				CLANG_WARN_INFINITE_RECURSION = YES;
				CLANG_WARN_INT_CONVERSION = YES;
				CLANG_WARN_OBJC_ROOT_CLASS = YES_ERROR;
				CLANG_WARN_SUSPICIOUS_MOVE = YES;
				CLANG_WARN_UNREACHABLE_CODE = YES;
				CLANG_WARN__DUPLICATE_METHOD_MATCH = YES;
				"CODE_SIGN_IDENTITY[sdk=iphoneos*]" = "iPhone Developer";
				COPY_PHASE_STRIP = NO;
				DEBUG_INFORMATION_FORMAT = dwarf;
				ENABLE_STRICT_OBJC_MSGSEND = YES;
				ENABLE_TESTABILITY = YES;
				GCC_C_LANGUAGE_STANDARD = gnu99;
				GCC_DYNAMIC_NO_PIC = NO;
				GCC_NO_COMMON_BLOCKS = YES;
				GCC_OPTIMIZATION_LEVEL = 0;
				GCC_PREPROCESSOR_DEFINITIONS = (
					"DEBUG=1",
					"$(inherited)",
				);
				GCC_WARN_64_TO_32_BIT_CONVERSION = YES;
				GCC_WARN_ABOUT_RETURN_TYPE = YES_ERROR;
				GCC_WARN_UNDECLARED_SELECTOR = YES;
				GCC_WARN_UNINITIALIZED_AUTOS = YES_AGGRESSIVE;
				GCC_WARN_UNUSED_FUNCTION = YES;
				GCC_WARN_UNUSED_VARIABLE = YES;
				IPHONEOS_DEPLOYMENT_TARGET = 9.0;
				MTL_ENABLE_DEBUG_INFO = YES;
				ONLY_ACTIVE_ARCH = YES;
				SDKROOT = iphoneos;
				SWIFT_ACTIVE_COMPILATION_CONDITIONS = DEBUG;
				SWIFT_OPTIMIZATION_LEVEL = "-Onone";
				TARGETED_DEVICE_FAMILY = "1,2";
			};
			name = Debug;
		};
		04E32EBE20CEC40A00903C22 /* Release */ = {
			isa = XCBuildConfiguration;
			buildSettings = {
				ALWAYS_SEARCH_USER_PATHS = NO;
				CLANG_ANALYZER_NONNULL = YES;
				CLANG_ANALYZER_NUMBER_OBJECT_CONVERSION = YES_AGGRESSIVE;
				CLANG_CXX_LANGUAGE_STANDARD = "gnu++0x";
				CLANG_CXX_LIBRARY = "libc++";
				CLANG_ENABLE_MODULES = YES;
				CLANG_ENABLE_OBJC_ARC = YES;
				CLANG_WARN_BOOL_CONVERSION = YES;
				CLANG_WARN_CONSTANT_CONVERSION = YES;
				CLANG_WARN_DIRECT_OBJC_ISA_USAGE = YES_ERROR;
				CLANG_WARN_DOCUMENTATION_COMMENTS = YES;
				CLANG_WARN_EMPTY_BODY = YES;
				CLANG_WARN_ENUM_CONVERSION = YES;
				CLANG_WARN_INFINITE_RECURSION = YES;
				CLANG_WARN_INT_CONVERSION = YES;
				CLANG_WARN_OBJC_ROOT_CLASS = YES_ERROR;
				CLANG_WARN_SUSPICIOUS_MOVE = YES;
				CLANG_WARN_UNREACHABLE_CODE = YES;
				CLANG_WARN__DUPLICATE_METHOD_MATCH = YES;
				"CODE_SIGN_IDENTITY[sdk=iphoneos*]" = "iPhone Developer";
				COPY_PHASE_STRIP = NO;
				DEBUG_INFORMATION_FORMAT = "dwarf-with-dsym";
				ENABLE_NS_ASSERTIONS = NO;
				ENABLE_STRICT_OBJC_MSGSEND = YES;
				GCC_C_LANGUAGE_STANDARD = gnu99;
				GCC_NO_COMMON_BLOCKS = YES;
				GCC_WARN_64_TO_32_BIT_CONVERSION = YES;
				GCC_WARN_ABOUT_RETURN_TYPE = YES_ERROR;
				GCC_WARN_UNDECLARED_SELECTOR = YES;
				GCC_WARN_UNINITIALIZED_AUTOS = YES_AGGRESSIVE;
				GCC_WARN_UNUSED_FUNCTION = YES;
				GCC_WARN_UNUSED_VARIABLE = YES;
				IPHONEOS_DEPLOYMENT_TARGET = 9.0;
				MTL_ENABLE_DEBUG_INFO = NO;
				SDKROOT = iphoneos;
				SWIFT_OPTIMIZATION_LEVEL = "-Owholemodule";
				TARGETED_DEVICE_FAMILY = "1,2";
				VALIDATE_PRODUCT = YES;
			};
			name = Release;
		};
		04E32EC020CEC40A00903C22 /* Debug */ = {
			isa = XCBuildConfiguration;
			buildSettings = {
				ASSETCATALOG_COMPILER_APPICON_NAME = AppIcon;
				INFOPLIST_FILE = TelstraExcercise/Info.plist;
				LD_RUNPATH_SEARCH_PATHS = "$(inherited) @executable_path/Frameworks";
				PRODUCT_BUNDLE_IDENTIFIER = com.mac.TelstraExcercise;
				PRODUCT_NAME = "$(TARGET_NAME)";
				SWIFT_VERSION = 3.0;
			};
			name = Debug;
		};
		04E32EC120CEC40A00903C22 /* Release */ = {
			isa = XCBuildConfiguration;
			buildSettings = {
				ASSETCATALOG_COMPILER_APPICON_NAME = AppIcon;
				INFOPLIST_FILE = TelstraExcercise/Info.plist;
				LD_RUNPATH_SEARCH_PATHS = "$(inherited) @executable_path/Frameworks";
				PRODUCT_BUNDLE_IDENTIFIER = com.mac.TelstraExcercise;
				PRODUCT_NAME = "$(TARGET_NAME)";
				SWIFT_VERSION = 3.0;
			};
			name = Release;
		};
/* End XCBuildConfiguration section */

/* Begin XCConfigurationList section */
		04E32EA820CEC40A00903C22 /* Build configuration list for PBXProject "TelstraExcercise" */ = {
			isa = XCConfigurationList;
			buildConfigurations = (
				04E32EBD20CEC40A00903C22 /* Debug */,
				04E32EBE20CEC40A00903C22 /* Release */,
			);
			defaultConfigurationIsVisible = 0;
			defaultConfigurationName = Release;
		};
		04E32EBF20CEC40A00903C22 /* Build configuration list for PBXNativeTarget "TelstraExcercise" */ = {
			isa = XCConfigurationList;
			buildConfigurations = (
				04E32EC020CEC40A00903C22 /* Debug */,
				04E32EC120CEC40A00903C22 /* Release */,
			);
			defaultConfigurationIsVisible = 0;
			defaultConfigurationName = Release;
		};
/* End XCConfigurationList section */
	};
	rootObject = 04E32EA520CEC40A00903C22 /* Project object */;
}
